
Microsoft Visual Studio Solution File, Format Version 12.00
# Visual Studio Version 16
VisualStudioVersion = 16.0.31702.278
MinimumVisualStudioVersion = 10.0.40219.1
Project("{FAE04EC0-301F-11D3-BF4B-00C04F79EFBC}") = "LTQL_1721050441", "LTQL_1721050441\LTQL_1721050441.csproj", "{51F84BE3-919A-403B-AA13-72D793619AA7}"
EndProject
Global
	GlobalSection(SolutionConfigurationPlatforms) = preSolution
		Debug|Any CPU = Debug|Any CPU
		Release|Any CPU = Release|Any CPU
	EndGlobalSection
	GlobalSection(ProjectConfigurationPlatforms) = postSolution
		{51F84BE3-919A-403B-AA13-72D793619AA7}.Debug|Any CPU.ActiveCfg = Debug|Any CPU
		{51F84BE3-919A-403B-AA13-72D793619AA7}.Debug|Any CPU.Build.0 = Debug|Any CPU
		{51F84BE3-919A-403B-AA13-72D793619AA7}.Release|Any CPU.ActiveCfg = Release|Any CPU
		{51F84BE3-919A-403B-AA13-72D793619AA7}.Release|Any CPU.Build.0 = Release|Any CPU
	EndGlobalSection
	GlobalSection(SolutionProperties) = preSolution
		HideSolutionNode = FALSE
	EndGlobalSection
	GlobalSection(ExtensibilityGlobals) = postSolution
		SolutionGuid = {F3E8218E-E3A6-4885-A146-BE15E50056CA}
	EndGlobalSection
EndGlobal
